
Microsoft Visual Studio Solution File, Format Version 12.00
# Visual Studio 14
VisualStudioVersion = 14.0.25420.1
MinimumVisualStudioVersion = 10.0.40219.1
Project("{FAE04EC0-301F-11D3-BF4B-00C04F79EFBC}") = "CwActProject", "CwActProject\CwActProject.csproj", "{DE019005-477A-416B-86FF-5A805A2083D0}"
EndProject
Project("{FAE04EC0-301F-11D3-BF4B-00C04F79EFBC}") = "BLL", "BLL\BLL.csproj", "{1FC1D940-33E6-442B-9019-617FDFB37EA3}"
EndProject
Project("{FAE04EC0-301F-11D3-BF4B-00C04F79EFBC}") = "DAL", "DAL\DAL.csproj", "{468939A2-C8AC-4D40-ACE8-9072C2B159E6}"
EndProject
Project("{FAE04EC0-301F-11D3-BF4B-00C04F79EFBC}") = "Common", "Common\Common.csproj", "{2AADA9CE-5FA9-4CA6-B769-BF46899CBEAB}"
EndProject
Project("{FAE04EC0-301F-11D3-BF4B-00C04F79EFBC}") = "Model", "Model\Model.csproj", "{8F88859A-264F-45DA-9899-E2C4FB32AA1E}"
EndProject
Project("{FAE04EC0-301F-11D3-BF4B-00C04F79EFBC}") = "FrameWork", "FrameWork\FrameWork.csproj", "{1896F109-3FDF-49B9-BC0F-F2C622272555}"
EndProject
Global
	GlobalSection(SolutionConfigurationPlatforms) = preSolution
		Debug|Any CPU = Debug|Any CPU
		Release|Any CPU = Release|Any CPU
	EndGlobalSection
	GlobalSection(ProjectConfigurationPlatforms) = postSolution
		{DE019005-477A-416B-86FF-5A805A2083D0}.Debug|Any CPU.ActiveCfg = Debug|Any CPU
		{DE019005-477A-416B-86FF-5A805A2083D0}.Debug|Any CPU.Build.0 = Debug|Any CPU
		{DE019005-477A-416B-86FF-5A805A2083D0}.Release|Any CPU.ActiveCfg = Release|Any CPU
		{DE019005-477A-416B-86FF-5A805A2083D0}.Release|Any CPU.Build.0 = Release|Any CPU
		{1FC1D940-33E6-442B-9019-617FDFB37EA3}.Debug|Any CPU.ActiveCfg = Debug|Any CPU
		{1FC1D940-33E6-442B-9019-617FDFB37EA3}.Debug|Any CPU.Build.0 = Debug|Any CPU
		{1FC1D940-33E6-442B-9019-617FDFB37EA3}.Release|Any CPU.ActiveCfg = Release|Any CPU
		{1FC1D940-33E6-442B-9019-617FDFB37EA3}.Release|Any CPU.Build.0 = Release|Any CPU
		{468939A2-C8AC-4D40-ACE8-9072C2B159E6}.Debug|Any CPU.ActiveCfg = Debug|Any CPU
		{468939A2-C8AC-4D40-ACE8-9072C2B159E6}.Debug|Any CPU.Build.0 = Debug|Any CPU
		{468939A2-C8AC-4D40-ACE8-9072C2B159E6}.Release|Any CPU.ActiveCfg = Release|Any CPU
		{468939A2-C8AC-4D40-ACE8-9072C2B159E6}.Release|Any CPU.Build.0 = Release|Any CPU
		{2AADA9CE-5FA9-4CA6-B769-BF46899CBEAB}.Debug|Any CPU.ActiveCfg = Debug|Any CPU
		{2AADA9CE-5FA9-4CA6-B769-BF46899CBEAB}.Debug|Any CPU.Build.0 = Debug|Any CPU
		{2AADA9CE-5FA9-4CA6-B769-BF46899CBEAB}.Release|Any CPU.ActiveCfg = Release|Any CPU
		{2AADA9CE-5FA9-4CA6-B769-BF46899CBEAB}.Release|Any CPU.Build.0 = Release|Any CPU
		{8F88859A-264F-45DA-9899-E2C4FB32AA1E}.Debug|Any CPU.ActiveCfg = Debug|Any CPU
		{8F88859A-264F-45DA-9899-E2C4FB32AA1E}.Debug|Any CPU.Build.0 = Debug|Any CPU
		{8F88859A-264F-45DA-9899-E2C4FB32AA1E}.Release|Any CPU.ActiveCfg = Release|Any CPU
		{8F88859A-264F-45DA-9899-E2C4FB32AA1E}.Release|Any CPU.Build.0 = Release|Any CPU
		{1896F109-3FDF-49B9-BC0F-F2C622272555}.Debug|Any CPU.ActiveCfg = Debug|Any CPU
		{1896F109-3FDF-49B9-BC0F-F2C622272555}.Debug|Any CPU.Build.0 = Debug|Any CPU
		{1896F109-3FDF-49B9-BC0F-F2C622272555}.Release|Any CPU.ActiveCfg = Release|Any CPU
		{1896F109-3FDF-49B9-BC0F-F2C622272555}.Release|Any CPU.Build.0 = Release|Any CPU
	EndGlobalSection
	GlobalSection(SolutionProperties) = preSolution
		HideSolutionNode = FALSE
	EndGlobalSection
EndGlobal
